
Microsoft Visual Studio Solution File, Format Version 12.00
# Visual Studio 2013
VisualStudioVersion = 12.0.21005.1
MinimumVisualStudioVersion = 10.0.40219.1
Project("{FAE04EC0-301F-11D3-BF4B-00C04F79EFBC}") = "Systematic.NUnit", "Systematic.NUnit\Systematic.NUnit.csproj", "{8EB9FA6D-397E-4E76-9B49-D8DA58F77A1C}"
EndProject
Project("{FAE04EC0-301F-11D3-BF4B-00C04F79EFBC}") = "Systematic.NUnit.Test", "Systematic.NUnit.Test\Systematic.NUnit.Test.csproj", "{50F4632B-C959-4E79-8E36-E36D249BA513}"
EndProject
Project("{FAE04EC0-301F-11D3-BF4B-00C04F79EFBC}") = "Systematic.NUnit.Json", "Systematic.NUnit.Json\Systematic.NUnit.Json.csproj", "{10C88170-1077-499F-A0FC-EC012AB51DB5}"
EndProject
Project("{FAE04EC0-301F-11D3-BF4B-00C04F79EFBC}") = "Systematic.NUnit.Json.Test", "Systematic.NUnit.Json.Test\Systematic.NUnit.Json.Test.csproj", "{093D37F5-7B4A-4B6B-B869-425118CE39DD}"
EndProject
Global
	GlobalSection(SolutionConfigurationPlatforms) = preSolution
		Debug|Any CPU = Debug|Any CPU
		Release|Any CPU = Release|Any CPU
	EndGlobalSection
	GlobalSection(ProjectConfigurationPlatforms) = postSolution
		{8EB9FA6D-397E-4E76-9B49-D8DA58F77A1C}.Debug|Any CPU.ActiveCfg = Debug|Any CPU
		{8EB9FA6D-397E-4E76-9B49-D8DA58F77A1C}.Debug|Any CPU.Build.0 = Debug|Any CPU
		{8EB9FA6D-397E-4E76-9B49-D8DA58F77A1C}.Release|Any CPU.ActiveCfg = Release|Any CPU
		{8EB9FA6D-397E-4E76-9B49-D8DA58F77A1C}.Release|Any CPU.Build.0 = Release|Any CPU
		{50F4632B-C959-4E79-8E36-E36D249BA513}.Debug|Any CPU.ActiveCfg = Debug|Any CPU
		{50F4632B-C959-4E79-8E36-E36D249BA513}.Debug|Any CPU.Build.0 = Debug|Any CPU
		{50F4632B-C959-4E79-8E36-E36D249BA513}.Release|Any CPU.ActiveCfg = Release|Any CPU
		{50F4632B-C959-4E79-8E36-E36D249BA513}.Release|Any CPU.Build.0 = Release|Any CPU
		{10C88170-1077-499F-A0FC-EC012AB51DB5}.Debug|Any CPU.ActiveCfg = Debug|Any CPU
		{10C88170-1077-499F-A0FC-EC012AB51DB5}.Debug|Any CPU.Build.0 = Debug|Any CPU
		{10C88170-1077-499F-A0FC-EC012AB51DB5}.Release|Any CPU.ActiveCfg = Release|Any CPU
		{10C88170-1077-499F-A0FC-EC012AB51DB5}.Release|Any CPU.Build.0 = Release|Any CPU
		{093D37F5-7B4A-4B6B-B869-425118CE39DD}.Debug|Any CPU.ActiveCfg = Debug|Any CPU
		{093D37F5-7B4A-4B6B-B869-425118CE39DD}.Debug|Any CPU.Build.0 = Debug|Any CPU
		{093D37F5-7B4A-4B6B-B869-425118CE39DD}.Release|Any CPU.ActiveCfg = Release|Any CPU
		{093D37F5-7B4A-4B6B-B869-425118CE39DD}.Release|Any CPU.Build.0 = Release|Any CPU
	EndGlobalSection
	GlobalSection(SolutionProperties) = preSolution
		HideSolutionNode = FALSE
	EndGlobalSection
EndGlobal
